{
    "requires": true,
    "lockfileVersion": 1,
    "dependencies": {
        "@fortawesome/fontawesome-free-webfonts": {
            "version": "1.0.8",
            "resolved": "https://registry.npmjs.org/@fortawesome/fontawesome-free-webfonts/-/fontawesome-free-webfonts-1.0.8.tgz",
            "integrity": "sha512-pAeqqnpH2+uuUdSZJ0vmEtmtKhiatebzIrl4VDMPiB0lXkp2E+vFypp8MDTZhu7gF5XzdZRD0CCAwKz16u/x6Q=="
        }
    }
}
